// !$*UTF8*$!
{
	archiveVersion = 1;
	classes = {
	};
	objectVersion = 50;
	objects = {

/* Begin PBXBuildFile section */
		A597A890219E0EEF0069B9D2 /* AppDelegate.swift in Sources */ = {isa = PBXBuildFile; fileRef = A597A88F219E0EEF0069B9D2 /* AppDelegate.swift */; };
		A597A892219E0EEF0069B9D2 /* ViewController.swift in Sources */ = {isa = PBXBuildFile; fileRef = A597A891219E0EEF0069B9D2 /* ViewController.swift */; };
		A597A895219E0EEF0069B9D2 /* Main.storyboard in Resources */ = {isa = PBXBuildFile; fileRef = A597A893219E0EEF0069B9D2 /* Main.storyboard */; };
		A597A897219E0EF00069B9D2 /* Assets.xcassets in Resources */ = {isa = PBXBuildFile; fileRef = A597A896219E0EF00069B9D2 /* Assets.xcassets */; };
		A597A89A219E0EF00069B9D2 /* LaunchScreen.storyboard in Resources */ = {isa = PBXBuildFile; fileRef = A597A898219E0EF00069B9D2 /* LaunchScreen.storyboard */; };
		A597A8A2219E0F140069B9D2 /* CollectionViewController.swift in Sources */ = {isa = PBXBuildFile; fileRef = A597A8A1219E0F140069B9D2 /* CollectionViewController.swift */; };
		A597A8A4219E0F220069B9D2 /* CollectionViewCell.swift in Sources */ = {isa = PBXBuildFile; fileRef = A597A8A3219E0F220069B9D2 /* CollectionViewCell.swift */; };
		A597A8A6219E0F410069B9D2 /* CollectionViewCell.xib in Resources */ = {isa = PBXBuildFile; fileRef = A597A8A5219E0F410069B9D2 /* CollectionViewCell.xib */; };
/* End PBXBuildFile section */

/* Begin PBXFileReference section */
		A597A88C219E0EEF0069B9D2 /* Module Challenge.app */ = {isa = PBXFileReference; explicitFileType = wrapper.application; includeInIndex = 0; path = "Module Challenge.app"; sourceTree = BUILT_PRODUCTS_DIR; };
		A597A88F219E0EEF0069B9D2 /* AppDelegate.swift */ = {isa = PBXFileReference; lastKnownFileType = sourcecode.swift; path = AppDelegate.swift; sourceTree = "<group>"; };
		A597A891219E0EEF0069B9D2 /* ViewController.swift */ = {isa = PBXFileReference; lastKnownFileType = sourcecode.swift; path = ViewController.swift; sourceTree = "<group>"; };
		A597A894219E0EEF0069B9D2 /* Base */ = {isa = PBXFileReference; lastKnownFileType = file.storyboard; name = Base; path = Base.lproj/Main.storyboard; sourceTree = "<group>"; };
		A597A896219E0EF00069B9D2 /* Assets.xcassets */ = {isa = PBXFileReference; lastKnownFileType = folder.assetcatalog; path = Assets.xcassets; sourceTree = "<group>"; };
		A597A899219E0EF00069B9D2 /* Base */ = {isa = PBXFileReference; lastKnownFileType = file.storyboard; name = Base; path = Base.lproj/LaunchScreen.storyboard; sourceTree = "<group>"; };
		A597A89B219E0EF00069B9D2 /* Info.plist */ = {isa = PBXFileReference; lastKnownFileType = text.plist.xml; path = Info.plist; sourceTree = "<group>"; };
		A597A8A1219E0F140069B9D2 /* CollectionViewController.swift */ = {isa = PBXFileReference; lastKnownFileType = sourcecode.swift; path = CollectionViewController.swift; sourceTree = "<group>"; };
		A597A8A3219E0F220069B9D2 /* CollectionViewCell.swift */ = {isa = PBXFileReference; lastKnownFileType = sourcecode.swift; path = CollectionViewCell.swift; sourceTree = "<group>"; };
		A597A8A5219E0F410069B9D2 /* CollectionViewCell.xib */ = {isa = PBXFileReference; lastKnownFileType = file.xib; path = CollectionViewCell.xib; sourceTree = "<group>"; };
/* End PBXFileReference section */

/* Begin PBXFrameworksBuildPhase section */
		A597A889219E0EEF0069B9D2 /* Frameworks */ = {
			isa = PBXFrameworksBuildPhase;
			buildActionMask = 2147483647;
			files = (
			);
			runOnlyForDeploymentPostprocessing = 0;
		};
/* End PBXFrameworksBuildPhase section */

/* Begin PBXGroup section */
		A597A883219E0EEF0069B9D2 = {
			isa = PBXGroup;
			children = (
				A597A88E219E0EEF0069B9D2 /* Module Challenge */,
				A597A88D219E0EEF0069B9D2 /* Products */,
			);
			sourceTree = "<group>";
		};
		A597A88D219E0EEF0069B9D2 /* Products */ = {
			isa = PBXGroup;
			children = (
				A597A88C219E0EEF0069B9D2 /* Module Challenge.app */,
			);
			name = Products;
			sourceTree = "<group>";
		};
		A597A88E219E0EEF0069B9D2 /* Module Challenge */ = {
			isa = PBXGroup;
			children = (
				A597A88F219E0EEF0069B9D2 /* AppDelegate.swift */,
				A597A8A1219E0F140069B9D2 /* CollectionViewController.swift */,
				A597A8A3219E0F220069B9D2 /* CollectionViewCell.swift */,
				A597A8A5219E0F410069B9D2 /* CollectionViewCell.xib */,
				A597A891219E0EEF0069B9D2 /* ViewController.swift */,
				A597A893219E0EEF0069B9D2 /* Main.storyboard */,
				A597A896219E0EF00069B9D2 /* Assets.xcassets */,
				A597A898219E0EF00069B9D2 /* LaunchScreen.storyboard */,
				A597A89B219E0EF00069B9D2 /* Info.plist */,
			);
			path = "Module Challenge";
			sourceTree = "<group>";
		};
/* End PBXGroup section */

/* Begin PBXNativeTarget section */
		A597A88B219E0EEF0069B9D2 /* Module Challenge */ = {
			isa = PBXNativeTarget;
			buildConfigurationList = A597A89E219E0EF00069B9D2 /* Build configuration list for PBXNativeTarget "Module Challenge" */;
			buildPhases = (
				A597A888219E0EEF0069B9D2 /* Sources */,
				A597A889219E0EEF0069B9D2 /* Frameworks */,
				A597A88A219E0EEF0069B9D2 /* Resources */,
			);
			buildRules = (
			);
			dependencies = (
			);
			name = "Module Challenge";
			productName = "Module Challenge";
			productReference = A597A88C219E0EEF0069B9D2 /* Module Challenge.app */;
			productType = "com.apple.product-type.application";
		};
/* End PBXNativeTarget section */

/* Begin PBXProject section */
		A597A884219E0EEF0069B9D2 /* Project object */ = {
			isa = PBXProject;
			attributes = {
				LastSwiftUpdateCheck = 1010;
				LastUpgradeCheck = 1010;
				ORGANIZATIONNAME = "Sergey Osipyan";
				TargetAttributes = {
					A597A88B219E0EEF0069B9D2 = {
						CreatedOnToolsVersion = 10.1;
					};
				};
			};
			buildConfigurationList = A597A887219E0EEF0069B9D2 /* Build configuration list for PBXProject "Module Challenge" */;
			compatibilityVersion = "Xcode 9.3";
			developmentRegion = en;
			hasScannedForEncodings = 0;
			knownRegions = (
				en,
				Base,
			);
			mainGroup = A597A883219E0EEF0069B9D2;
			productRefGroup = A597A88D219E0EEF0069B9D2 /* Products */;
			projectDirPath = "";
			projectRoot = "";
			targets = (
				A597A88B219E0EEF0069B9D2 /* Module Challenge */,
			);
		};
/* End PBXProject section */

/* Begin PBXResourcesBuildPhase section */
		A597A88A219E0EEF0069B9D2 /* Resources */ = {
			isa = PBXResourcesBuildPhase;
			buildActionMask = 2147483647;
			files = (
				A597A89A219E0EF00069B9D2 /* LaunchScreen.storyboard in Resources */,
				A597A897219E0EF00069B9D2 /* Assets.xcassets in Resources */,
				A597A8A6219E0F410069B9D2 /* CollectionViewCell.xib in Resources */,
				A597A895219E0EEF0069B9D2 /* Main.storyboard in Resources */,
			);
			runOnlyForDeploymentPostprocessing = 0;
		};
/* End PBXResourcesBuildPhase section */

/* Begin PBXSourcesBuildPhase section */
		A597A888219E0EEF0069B9D2 /* Sources */ = {
			isa = PBXSourcesBuildPhase;
			buildActionMask = 2147483647;
			files = (
				A597A8A2219E0F140069B9D2 /* CollectionViewController.swift in Sources */,
				A597A892219E0EEF0069B9D2 /* ViewController.swift in Sources */,
				A597A8A4219E0F220069B9D2 /* CollectionViewCell.swift in Sources */,
				A597A890219E0EEF0069B9D2 /* AppDelegate.swift in Sources */,
			);
			runOnlyForDeploymentPostprocessing = 0;
		};
/* End PBXSourcesBuildPhase section */

/* Begin PBXVariantGroup section */
		A597A893219E0EEF0069B9D2 /* Main.storyboard */ = {
			isa = PBXVariantGroup;
			children = (
				A597A894219E0EEF0069B9D2 /* Base */,
			);
			name = Main.storyboard;
			sourceTree = "<group>";
		};
		A597A898219E0EF00069B9D2 /* LaunchScreen.storyboard */ = {
			isa = PBXVariantGroup;
			children = (
				A597A899219E0EF00069B9D2 /* Base */,
			);
			name = LaunchScreen.storyboard;
			sourceTree = "<group>";
		};
/* End PBXVariantGroup section */

/* Begin XCBuildConfiguration section */
		A597A89C219E0EF00069B9D2 /* Debug */ = {
			isa = XCBuildConfiguration;
			buildSettings = {
				ALWAYS_SEARCH_USER_PATHS = NO;
				CLANG_ANALYZER_NONNULL = YES;
				CLANG_ANALYZER_NUMBER_OBJECT_CONVERSION = YES_AGGRESSIVE;
				CLANG_CXX_LANGUAGE_STANDARD = "gnu++14";
				CLANG_CXX_LIBRARY = "libc++";
				CLANG_ENABLE_MODULES = YES;
				CLANG_ENABLE_OBJC_ARC = YES;
				CLANG_ENABLE_OBJC_WEAK = YES;
				CLANG_WARN_BLOCK_CAPTURE_AUTORELEASING = YES;
				CLANG_WARN_BOOL_CONVERSION = YES;
				CLANG_WARN_COMMA = YES;
				CLANG_WARN_CONSTANT_CONVERSION = YES;
				CLANG_WARN_DEPRECATED_OBJC_IMPLEMENTATIONS = YES;
				CLANG_WARN_DIRECT_OBJC_ISA_USAGE = YES_ERROR;
				CLANG_WARN_DOCUMENTATION_COMMENTS = YES;
				CLANG_WARN_EMPTY_BODY = YES;
				CLANG_WARN_ENUM_CONVERSION = YES;
				CLANG_WARN_INFINITE_RECURSION = YES;
				CLANG_WARN_INT_CONVERSION = YES;
				CLANG_WARN_NON_LITERAL_NULL_CONVERSION = YES;
				CLANG_WARN_OBJC_IMPLICIT_RETAIN_SELF = YES;
				CLANG_WARN_OBJC_LITERAL_CONVERSION = YES;
				CLANG_WARN_OBJC_ROOT_CLASS = YES_ERROR;
				CLANG_WARN_RANGE_LOOP_ANALYSIS = YES;
				CLANG_WARN_STRICT_PROTOTYPES = YES;
				CLANG_WARN_SUSPICIOUS_MOVE = YES;
				CLANG_WARN_UNGUARDED_AVAILABILITY = YES_AGGRESSIVE;
				CLANG_WARN_UNREACHABLE_CODE = YES;
				CLANG_WARN__DUPLICATE_METHOD_MATCH = YES;
				CODE_SIGN_IDENTITY = "iPhone Developer";
				COPY_PHASE_STRIP = NO;
				DEBUG_INFORMATION_FORMAT = dwarf;
				ENABLE_STRICT_OBJC_MSGSEND = YES;
				ENABLE_TESTABILITY = YES;
				GCC_C_LANGUAGE_STANDARD = gnu11;
				GCC_DYNAMIC_NO_PIC = NO;
				GCC_NO_COMMON_BLOCKS = YES;
				GCC_OPTIMIZATION_LEVEL = 0;
				GCC_PREPROCESSOR_DEFINITIONS = (
					"DEBUG=1",
					"$(inherited)",
				);
				GCC_WARN_64_TO_32_BIT_CONVERSION = YES;
				GCC_WARN_ABOUT_RETURN_TYPE = YES_ERROR;
				GCC_WARN_UNDECLARED_SELECTOR = YES;
				GCC_WARN_UNINITIALIZED_AUTOS = YES_AGGRESSIVE;
				GCC_WARN_UNUSED_FUNCTION = YES;
				GCC_WARN_UNUSED_VARIABLE = YES;
				IPHONEOS_DEPLOYMENT_TARGET = 12.1;
				MTL_ENABLE_DEBUG_INFO = INCLUDE_SOURCE;
				MTL_FAST_MATH = YES;
				ONLY_ACTIVE_ARCH = YES;
				SDKROOT = iphoneos;
				SWIFT_ACTIVE_COMPILATION_CONDITIONS = DEBUG;
				SWIFT_OPTIMIZATION_LEVEL = "-Onone";
			};
			name = Debug;
		};
		A597A89D219E0EF00069B9D2 /* Release */ = {
			isa = XCBuildConfiguration;
			buildSettings = {
				ALWAYS_SEARCH_USER_PATHS = NO;
				CLANG_ANALYZER_NONNULL = YES;
				CLANG_ANALYZER_NUMBER_OBJECT_CONVERSION = YES_AGGRESSIVE;
				CLANG_CXX_LANGUAGE_STANDARD = "gnu++14";
				CLANG_CXX_LIBRARY = "libc++";
				CLANG_ENABLE_MODULES = YES;
				CLANG_ENABLE_OBJC_ARC = YES;
				CLANG_ENABLE_OBJC_WEAK = YES;
				CLANG_WARN_BLOCK_CAPTURE_AUTORELEASING = YES;
				CLANG_WARN_BOOL_CONVERSION = YES;
				CLANG_WARN_COMMA = YES;
				CLANG_WARN_CONSTANT_CONVERSION = YES;
				CLANG_WARN_DEPRECATED_OBJC_IMPLEMENTATIONS = YES;
				CLANG_WARN_DIRECT_OBJC_ISA_USAGE = YES_ERROR;
				CLANG_WARN_DOCUMENTATION_COMMENTS = YES;
				CLANG_WARN_EMPTY_BODY = YES;
				CLANG_WARN_ENUM_CONVERSION = YES;
				CLANG_WARN_INFINITE_RECURSION = YES;
				CLANG_WARN_INT_CONVERSION = YES;
				CLANG_WARN_NON_LITERAL_NULL_CONVERSION = YES;
				CLANG_WARN_OBJC_IMPLICIT_RETAIN_SELF = YES;
				CLANG_WARN_OBJC_LITERAL_CONVERSION = YES;
				CLANG_WARN_OBJC_ROOT_CLASS = YES_ERROR;
				CLANG_WARN_RANGE_LOOP_ANALYSIS = YES;
				CLANG_WARN_STRICT_PROTOTYPES = YES;
				CLANG_WARN_SUSPICIOUS_MOVE = YES;
				CLANG_WARN_UNGUARDED_AVAILABILITY = YES_AGGRESSIVE;
				CLANG_WARN_UNREACHABLE_CODE = YES;
				CLANG_WARN__DUPLICATE_METHOD_MATCH = YES;
				CODE_SIGN_IDENTITY = "iPhone Developer";
				COPY_PHASE_STRIP = NO;
				DEBUG_INFORMATION_FORMAT = "dwarf-with-dsym";
				ENABLE_NS_ASSERTIONS = NO;
				ENABLE_STRICT_OBJC_MSGSEND = YES;
				GCC_C_LANGUAGE_STANDARD = gnu11;
				GCC_NO_COMMON_BLOCKS = YES;
				GCC_WARN_64_TO_32_BIT_CONVERSION = YES;
				GCC_WARN_ABOUT_RETURN_TYPE = YES_ERROR;
				GCC_WARN_UNDECLARED_SELECTOR = YES;
				GCC_WARN_UNINITIALIZED_AUTOS = YES_AGGRESSIVE;
				GCC_WARN_UNUSED_FUNCTION = YES;
				GCC_WARN_UNUSED_VARIABLE = YES;
				IPHONEOS_DEPLOYMENT_TARGET = 12.1;
				MTL_ENABLE_DEBUG_INFO = NO;
				MTL_FAST_MATH = YES;
				SDKROOT = iphoneos;
				SWIFT_COMPILATION_MODE = wholemodule;
				SWIFT_OPTIMIZATION_LEVEL = "-O";
				VALIDATE_PRODUCT = YES;
			};
			name = Release;
		};
		A597A89F219E0EF00069B9D2 /* Debug */ = {
			isa = XCBuildConfiguration;
			buildSettings = {
				ASSETCATALOG_COMPILER_APPICON_NAME = AppIcon;
				CODE_SIGN_STYLE = Automatic;
				DEVELOPMENT_TEAM = KF4QEGAU36;
				INFOPLIST_FILE = "Module Challenge/Info.plist";
				LD_RUNPATH_SEARCH_PATHS = (
					"$(inherited)",
					"@executable_path/Frameworks",
				);
				PRODUCT_BUNDLE_IDENTIFIER = "Sergey.Module-Challenge";
				PRODUCT_NAME = "$(TARGET_NAME)";
				SWIFT_VERSION = 4.2;
				TARGETED_DEVICE_FAMILY = "1,2";
			};
			name = Debug;
		};
		A597A8A0219E0EF00069B9D2 /* Release */ = {
			isa = XCBuildConfiguration;
			buildSettings = {
				ASSETCATALOG_COMPILER_APPICON_NAME = AppIcon;
				CODE_SIGN_STYLE = Automatic;
				DEVELOPMENT_TEAM = KF4QEGAU36;
				INFOPLIST_FILE = "Module Challenge/Info.plist";
				LD_RUNPATH_SEARCH_PATHS = (
					"$(inherited)",
					"@executable_path/Frameworks",
				);
				PRODUCT_BUNDLE_IDENTIFIER = "Sergey.Module-Challenge";
				PRODUCT_NAME = "$(TARGET_NAME)";
				SWIFT_VERSION = 4.2;
				TARGETED_DEVICE_FAMILY = "1,2";
			};
			name = Release;
		};
/* End XCBuildConfiguration section */

/* Begin XCConfigurationList section */
		A597A887219E0EEF0069B9D2 /* Build configuration list for PBXProject "Module Challenge" */ = {
			isa = XCConfigurationList;
			buildConfigurations = (
				A597A89C219E0EF00069B9D2 /* Debug */,
				A597A89D219E0EF00069B9D2 /* Release */,
			);
			defaultConfigurationIsVisible = 0;
			defaultConfigurationName = Release;
		};
		A597A89E219E0EF00069B9D2 /* Build configuration list for PBXNativeTarget "Module Challenge" */ = {
			isa = XCConfigurationList;
			buildConfigurations = (
				A597A89F219E0EF00069B9D2 /* Debug */,
				A597A8A0219E0EF00069B9D2 /* Release */,
			);
			defaultConfigurationIsVisible = 0;
			defaultConfigurationName = Release;
		};
/* End XCConfigurationList section */
	};
	rootObject = A597A884219E0EEF0069B9D2 /* Project object */;
}
