// !$*UTF8*$!
{
	archiveVersion = 1;
	classes = {
	};
	objectVersion = 50;
	objects = {

/* Begin PBXBuildFile section */
		87AF2F3E2175221400D2B861 /* AppDelegate.swift in Sources */ = {isa = PBXBuildFile; fileRef = 87AF2F3D2175221400D2B861 /* AppDelegate.swift */; };
		87AF2F402175221400D2B861 /* ViewController.swift in Sources */ = {isa = PBXBuildFile; fileRef = 87AF2F3F2175221400D2B861 /* ViewController.swift */; };
		87AF2F432175221400D2B861 /* Main.storyboard in Resources */ = {isa = PBXBuildFile; fileRef = 87AF2F412175221400D2B861 /* Main.storyboard */; };
		87AF2F452175221500D2B861 /* Assets.xcassets in Resources */ = {isa = PBXBuildFile; fileRef = 87AF2F442175221500D2B861 /* Assets.xcassets */; };
		87AF2F482175221500D2B861 /* LaunchScreen.storyboard in Resources */ = {isa = PBXBuildFile; fileRef = 87AF2F462175221500D2B861 /* LaunchScreen.storyboard */; };
		87AF2F532175221500D2B861 /* CollectionViewChallengeTests.swift in Sources */ = {isa = PBXBuildFile; fileRef = 87AF2F522175221500D2B861 /* CollectionViewChallengeTests.swift */; };
		87AF2F5E2175221500D2B861 /* CollectionViewChallengeUITests.swift in Sources */ = {isa = PBXBuildFile; fileRef = 87AF2F5D2175221500D2B861 /* CollectionViewChallengeUITests.swift */; };
		87AF2F6C2175226600D2B861 /* CollectionViewController.swift in Sources */ = {isa = PBXBuildFile; fileRef = 87AF2F6B2175226600D2B861 /* CollectionViewController.swift */; };
		87AF2F6E2175228900D2B861 /* CollectionViewCell.swift in Sources */ = {isa = PBXBuildFile; fileRef = 87AF2F6D2175228900D2B861 /* CollectionViewCell.swift */; };
		87AF2F70217522A400D2B861 /* CollectionViewCell.xib in Resources */ = {isa = PBXBuildFile; fileRef = 87AF2F6F217522A400D2B861 /* CollectionViewCell.xib */; };
		87AF302D2175518600D2B861 /* PaintingAssets.xcassets in Resources */ = {isa = PBXBuildFile; fileRef = 87AF301E2175465800D2B861 /* PaintingAssets.xcassets */; };
/* End PBXBuildFile section */

/* Begin PBXContainerItemProxy section */
		87AF2F4F2175221500D2B861 /* PBXContainerItemProxy */ = {
			isa = PBXContainerItemProxy;
			containerPortal = 87AF2F322175221400D2B861 /* Project object */;
			proxyType = 1;
			remoteGlobalIDString = 87AF2F392175221400D2B861;
			remoteInfo = CollectionViewChallenge;
		};
		87AF2F5A2175221500D2B861 /* PBXContainerItemProxy */ = {
			isa = PBXContainerItemProxy;
			containerPortal = 87AF2F322175221400D2B861 /* Project object */;
			proxyType = 1;
			remoteGlobalIDString = 87AF2F392175221400D2B861;
			remoteInfo = CollectionViewChallenge;
		};
/* End PBXContainerItemProxy section */

/* Begin PBXFileReference section */
		87AF2F3A2175221400D2B861 /* CollectionViewChallenge.app */ = {isa = PBXFileReference; explicitFileType = wrapper.application; includeInIndex = 0; path = CollectionViewChallenge.app; sourceTree = BUILT_PRODUCTS_DIR; };
		87AF2F3D2175221400D2B861 /* AppDelegate.swift */ = {isa = PBXFileReference; lastKnownFileType = sourcecode.swift; path = AppDelegate.swift; sourceTree = "<group>"; };
		87AF2F3F2175221400D2B861 /* ViewController.swift */ = {isa = PBXFileReference; lastKnownFileType = sourcecode.swift; path = ViewController.swift; sourceTree = "<group>"; };
		87AF2F422175221400D2B861 /* Base */ = {isa = PBXFileReference; lastKnownFileType = file.storyboard; name = Base; path = Base.lproj/Main.storyboard; sourceTree = "<group>"; };
		87AF2F442175221500D2B861 /* Assets.xcassets */ = {isa = PBXFileReference; lastKnownFileType = folder.assetcatalog; path = Assets.xcassets; sourceTree = "<group>"; };
		87AF2F472175221500D2B861 /* Base */ = {isa = PBXFileReference; lastKnownFileType = file.storyboard; name = Base; path = Base.lproj/LaunchScreen.storyboard; sourceTree = "<group>"; };
		87AF2F492175221500D2B861 /* Info.plist */ = {isa = PBXFileReference; lastKnownFileType = text.plist.xml; path = Info.plist; sourceTree = "<group>"; };
		87AF2F4E2175221500D2B861 /* CollectionViewChallengeTests.xctest */ = {isa = PBXFileReference; explicitFileType = wrapper.cfbundle; includeInIndex = 0; path = CollectionViewChallengeTests.xctest; sourceTree = BUILT_PRODUCTS_DIR; };
		87AF2F522175221500D2B861 /* CollectionViewChallengeTests.swift */ = {isa = PBXFileReference; lastKnownFileType = sourcecode.swift; path = CollectionViewChallengeTests.swift; sourceTree = "<group>"; };
		87AF2F542175221500D2B861 /* Info.plist */ = {isa = PBXFileReference; lastKnownFileType = text.plist.xml; path = Info.plist; sourceTree = "<group>"; };
		87AF2F592175221500D2B861 /* CollectionViewChallengeUITests.xctest */ = {isa = PBXFileReference; explicitFileType = wrapper.cfbundle; includeInIndex = 0; path = CollectionViewChallengeUITests.xctest; sourceTree = BUILT_PRODUCTS_DIR; };
		87AF2F5D2175221500D2B861 /* CollectionViewChallengeUITests.swift */ = {isa = PBXFileReference; lastKnownFileType = sourcecode.swift; path = CollectionViewChallengeUITests.swift; sourceTree = "<group>"; };
		87AF2F5F2175221500D2B861 /* Info.plist */ = {isa = PBXFileReference; lastKnownFileType = text.plist.xml; path = Info.plist; sourceTree = "<group>"; };
		87AF2F6B2175226600D2B861 /* CollectionViewController.swift */ = {isa = PBXFileReference; lastKnownFileType = sourcecode.swift; path = CollectionViewController.swift; sourceTree = "<group>"; };
		87AF2F6D2175228900D2B861 /* CollectionViewCell.swift */ = {isa = PBXFileReference; lastKnownFileType = sourcecode.swift; path = CollectionViewCell.swift; sourceTree = "<group>"; };
		87AF2F6F217522A400D2B861 /* CollectionViewCell.xib */ = {isa = PBXFileReference; lastKnownFileType = file.xib; path = CollectionViewCell.xib; sourceTree = "<group>"; };
		87AF301E2175465800D2B861 /* PaintingAssets.xcassets */ = {isa = PBXFileReference; lastKnownFileType = folder.assetcatalog; path = PaintingAssets.xcassets; sourceTree = "<group>"; };
		87AF301F2175466600D2B861 /* LambdaLogoAssets.xcassets */ = {isa = PBXFileReference; lastKnownFileType = folder.assetcatalog; path = LambdaLogoAssets.xcassets; sourceTree = "<group>"; };
/* End PBXFileReference section */

/* Begin PBXFrameworksBuildPhase section */
		87AF2F372175221400D2B861 /* Frameworks */ = {
			isa = PBXFrameworksBuildPhase;
			buildActionMask = 2147483647;
			files = (
			);
			runOnlyForDeploymentPostprocessing = 0;
		};
		87AF2F4B2175221500D2B861 /* Frameworks */ = {
			isa = PBXFrameworksBuildPhase;
			buildActionMask = 2147483647;
			files = (
			);
			runOnlyForDeploymentPostprocessing = 0;
		};
		87AF2F562175221500D2B861 /* Frameworks */ = {
			isa = PBXFrameworksBuildPhase;
			buildActionMask = 2147483647;
			files = (
			);
			runOnlyForDeploymentPostprocessing = 0;
		};
/* End PBXFrameworksBuildPhase section */

/* Begin PBXGroup section */
		87AF2F312175221400D2B861 = {
			isa = PBXGroup;
			children = (
				87AF2F3C2175221400D2B861 /* CollectionViewChallenge */,
				87AF2F512175221500D2B861 /* CollectionViewChallengeTests */,
				87AF2F5C2175221500D2B861 /* CollectionViewChallengeUITests */,
				87AF2F3B2175221400D2B861 /* Products */,
			);
			sourceTree = "<group>";
		};
		87AF2F3B2175221400D2B861 /* Products */ = {
			isa = PBXGroup;
			children = (
				87AF2F3A2175221400D2B861 /* CollectionViewChallenge.app */,
				87AF2F4E2175221500D2B861 /* CollectionViewChallengeTests.xctest */,
				87AF2F592175221500D2B861 /* CollectionViewChallengeUITests.xctest */,
			);
			name = Products;
			sourceTree = "<group>";
		};
		87AF2F3C2175221400D2B861 /* CollectionViewChallenge */ = {
			isa = PBXGroup;
			children = (
				87AF2F3D2175221400D2B861 /* AppDelegate.swift */,
				87AF2F3F2175221400D2B861 /* ViewController.swift */,
				87AF2F6B2175226600D2B861 /* CollectionViewController.swift */,
				87AF2F6D2175228900D2B861 /* CollectionViewCell.swift */,
				87AF2F6F217522A400D2B861 /* CollectionViewCell.xib */,
				87AF2F412175221400D2B861 /* Main.storyboard */,
				87AF2F442175221500D2B861 /* Assets.xcassets */,
				87AF301E2175465800D2B861 /* PaintingAssets.xcassets */,
				87AF301F2175466600D2B861 /* LambdaLogoAssets.xcassets */,
				87AF2F462175221500D2B861 /* LaunchScreen.storyboard */,
				87AF2F492175221500D2B861 /* Info.plist */,
			);
			path = CollectionViewChallenge;
			sourceTree = "<group>";
		};
		87AF2F512175221500D2B861 /* CollectionViewChallengeTests */ = {
			isa = PBXGroup;
			children = (
				87AF2F522175221500D2B861 /* CollectionViewChallengeTests.swift */,
				87AF2F542175221500D2B861 /* Info.plist */,
			);
			path = CollectionViewChallengeTests;
			sourceTree = "<group>";
		};
		87AF2F5C2175221500D2B861 /* CollectionViewChallengeUITests */ = {
			isa = PBXGroup;
			children = (
				87AF2F5D2175221500D2B861 /* CollectionViewChallengeUITests.swift */,
				87AF2F5F2175221500D2B861 /* Info.plist */,
			);
			path = CollectionViewChallengeUITests;
			sourceTree = "<group>";
		};
/* End PBXGroup section */

/* Begin PBXNativeTarget section */
		87AF2F392175221400D2B861 /* CollectionViewChallenge */ = {
			isa = PBXNativeTarget;
			buildConfigurationList = 87AF2F622175221500D2B861 /* Build configuration list for PBXNativeTarget "CollectionViewChallenge" */;
			buildPhases = (
				87AF2F362175221400D2B861 /* Sources */,
				87AF2F372175221400D2B861 /* Frameworks */,
				87AF2F382175221400D2B861 /* Resources */,
			);
			buildRules = (
			);
			dependencies = (
			);
			name = CollectionViewChallenge;
			productName = CollectionViewChallenge;
			productReference = 87AF2F3A2175221400D2B861 /* CollectionViewChallenge.app */;
			productType = "com.apple.product-type.application";
		};
		87AF2F4D2175221500D2B861 /* CollectionViewChallengeTests */ = {
			isa = PBXNativeTarget;
			buildConfigurationList = 87AF2F652175221500D2B861 /* Build configuration list for PBXNativeTarget "CollectionViewChallengeTests" */;
			buildPhases = (
				87AF2F4A2175221500D2B861 /* Sources */,
				87AF2F4B2175221500D2B861 /* Frameworks */,
				87AF2F4C2175221500D2B861 /* Resources */,
			);
			buildRules = (
			);
			dependencies = (
				87AF2F502175221500D2B861 /* PBXTargetDependency */,
			);
			name = CollectionViewChallengeTests;
			productName = CollectionViewChallengeTests;
			productReference = 87AF2F4E2175221500D2B861 /* CollectionViewChallengeTests.xctest */;
			productType = "com.apple.product-type.bundle.unit-test";
		};
		87AF2F582175221500D2B861 /* CollectionViewChallengeUITests */ = {
			isa = PBXNativeTarget;
			buildConfigurationList = 87AF2F682175221500D2B861 /* Build configuration list for PBXNativeTarget "CollectionViewChallengeUITests" */;
			buildPhases = (
				87AF2F552175221500D2B861 /* Sources */,
				87AF2F562175221500D2B861 /* Frameworks */,
				87AF2F572175221500D2B861 /* Resources */,
			);
			buildRules = (
			);
			dependencies = (
				87AF2F5B2175221500D2B861 /* PBXTargetDependency */,
			);
			name = CollectionViewChallengeUITests;
			productName = CollectionViewChallengeUITests;
			productReference = 87AF2F592175221500D2B861 /* CollectionViewChallengeUITests.xctest */;
			productType = "com.apple.product-type.bundle.ui-testing";
		};
/* End PBXNativeTarget section */

/* Begin PBXProject section */
		87AF2F322175221400D2B861 /* Project object */ = {
			isa = PBXProject;
			attributes = {
				LastSwiftUpdateCheck = 1000;
				LastUpgradeCheck = 1000;
				ORGANIZATIONNAME = "Ariel M. McLaughlin";
				TargetAttributes = {
					87AF2F392175221400D2B861 = {
						CreatedOnToolsVersion = 10.0;
					};
					87AF2F4D2175221500D2B861 = {
						CreatedOnToolsVersion = 10.0;
						TestTargetID = 87AF2F392175221400D2B861;
					};
					87AF2F582175221500D2B861 = {
						CreatedOnToolsVersion = 10.0;
						TestTargetID = 87AF2F392175221400D2B861;
					};
				};
			};
			buildConfigurationList = 87AF2F352175221400D2B861 /* Build configuration list for PBXProject "CollectionViewChallenge" */;
			compatibilityVersion = "Xcode 9.3";
			developmentRegion = en;
			hasScannedForEncodings = 0;
			knownRegions = (
				en,
				Base,
			);
			mainGroup = 87AF2F312175221400D2B861;
			productRefGroup = 87AF2F3B2175221400D2B861 /* Products */;
			projectDirPath = "";
			projectRoot = "";
			targets = (
				87AF2F392175221400D2B861 /* CollectionViewChallenge */,
				87AF2F4D2175221500D2B861 /* CollectionViewChallengeTests */,
				87AF2F582175221500D2B861 /* CollectionViewChallengeUITests */,
			);
		};
/* End PBXProject section */

/* Begin PBXResourcesBuildPhase section */
		87AF2F382175221400D2B861 /* Resources */ = {
			isa = PBXResourcesBuildPhase;
			buildActionMask = 2147483647;
			files = (
				87AF2F482175221500D2B861 /* LaunchScreen.storyboard in Resources */,
				87AF302D2175518600D2B861 /* PaintingAssets.xcassets in Resources */,
				87AF2F452175221500D2B861 /* Assets.xcassets in Resources */,
				87AF2F70217522A400D2B861 /* CollectionViewCell.xib in Resources */,
				87AF2F432175221400D2B861 /* Main.storyboard in Resources */,
			);
			runOnlyForDeploymentPostprocessing = 0;
		};
		87AF2F4C2175221500D2B861 /* Resources */ = {
			isa = PBXResourcesBuildPhase;
			buildActionMask = 2147483647;
			files = (
			);
			runOnlyForDeploymentPostprocessing = 0;
		};
		87AF2F572175221500D2B861 /* Resources */ = {
			isa = PBXResourcesBuildPhase;
			buildActionMask = 2147483647;
			files = (
			);
			runOnlyForDeploymentPostprocessing = 0;
		};
/* End PBXResourcesBuildPhase section */

/* Begin PBXSourcesBuildPhase section */
		87AF2F362175221400D2B861 /* Sources */ = {
			isa = PBXSourcesBuildPhase;
			buildActionMask = 2147483647;
			files = (
				87AF2F6C2175226600D2B861 /* CollectionViewController.swift in Sources */,
				87AF2F402175221400D2B861 /* ViewController.swift in Sources */,
				87AF2F6E2175228900D2B861 /* CollectionViewCell.swift in Sources */,
				87AF2F3E2175221400D2B861 /* AppDelegate.swift in Sources */,
			);
			runOnlyForDeploymentPostprocessing = 0;
		};
		87AF2F4A2175221500D2B861 /* Sources */ = {
			isa = PBXSourcesBuildPhase;
			buildActionMask = 2147483647;
			files = (
				87AF2F532175221500D2B861 /* CollectionViewChallengeTests.swift in Sources */,
			);
			runOnlyForDeploymentPostprocessing = 0;
		};
		87AF2F552175221500D2B861 /* Sources */ = {
			isa = PBXSourcesBuildPhase;
			buildActionMask = 2147483647;
			files = (
				87AF2F5E2175221500D2B861 /* CollectionViewChallengeUITests.swift in Sources */,
			);
			runOnlyForDeploymentPostprocessing = 0;
		};
/* End PBXSourcesBuildPhase section */

/* Begin PBXTargetDependency section */
		87AF2F502175221500D2B861 /* PBXTargetDependency */ = {
			isa = PBXTargetDependency;
			target = 87AF2F392175221400D2B861 /* CollectionViewChallenge */;
			targetProxy = 87AF2F4F2175221500D2B861 /* PBXContainerItemProxy */;
		};
		87AF2F5B2175221500D2B861 /* PBXTargetDependency */ = {
			isa = PBXTargetDependency;
			target = 87AF2F392175221400D2B861 /* CollectionViewChallenge */;
			targetProxy = 87AF2F5A2175221500D2B861 /* PBXContainerItemProxy */;
		};
/* End PBXTargetDependency section */

/* Begin PBXVariantGroup section */
		87AF2F412175221400D2B861 /* Main.storyboard */ = {
			isa = PBXVariantGroup;
			children = (
				87AF2F422175221400D2B861 /* Base */,
			);
			name = Main.storyboard;
			sourceTree = "<group>";
		};
		87AF2F462175221500D2B861 /* LaunchScreen.storyboard */ = {
			isa = PBXVariantGroup;
			children = (
				87AF2F472175221500D2B861 /* Base */,
			);
			name = LaunchScreen.storyboard;
			sourceTree = "<group>";
		};
/* End PBXVariantGroup section */

/* Begin XCBuildConfiguration section */
		87AF2F602175221500D2B861 /* Debug */ = {
			isa = XCBuildConfiguration;
			buildSettings = {
				ALWAYS_SEARCH_USER_PATHS = NO;
				CLANG_ANALYZER_NONNULL = YES;
				CLANG_ANALYZER_NUMBER_OBJECT_CONVERSION = YES_AGGRESSIVE;
				CLANG_CXX_LANGUAGE_STANDARD = "gnu++14";
				CLANG_CXX_LIBRARY = "libc++";
				CLANG_ENABLE_MODULES = YES;
				CLANG_ENABLE_OBJC_ARC = YES;
				CLANG_ENABLE_OBJC_WEAK = YES;
				CLANG_WARN_BLOCK_CAPTURE_AUTORELEASING = YES;
				CLANG_WARN_BOOL_CONVERSION = YES;
				CLANG_WARN_COMMA = YES;
				CLANG_WARN_CONSTANT_CONVERSION = YES;
				CLANG_WARN_DEPRECATED_OBJC_IMPLEMENTATIONS = YES;
				CLANG_WARN_DIRECT_OBJC_ISA_USAGE = YES_ERROR;
				CLANG_WARN_DOCUMENTATION_COMMENTS = YES;
				CLANG_WARN_EMPTY_BODY = YES;
				CLANG_WARN_ENUM_CONVERSION = YES;
				CLANG_WARN_INFINITE_RECURSION = YES;
				CLANG_WARN_INT_CONVERSION = YES;
				CLANG_WARN_NON_LITERAL_NULL_CONVERSION = YES;
				CLANG_WARN_OBJC_IMPLICIT_RETAIN_SELF = YES;
				CLANG_WARN_OBJC_LITERAL_CONVERSION = YES;
				CLANG_WARN_OBJC_ROOT_CLASS = YES_ERROR;
				CLANG_WARN_RANGE_LOOP_ANALYSIS = YES;
				CLANG_WARN_STRICT_PROTOTYPES = YES;
				CLANG_WARN_SUSPICIOUS_MOVE = YES;
				CLANG_WARN_UNGUARDED_AVAILABILITY = YES_AGGRESSIVE;
				CLANG_WARN_UNREACHABLE_CODE = YES;
				CLANG_WARN__DUPLICATE_METHOD_MATCH = YES;
				CODE_SIGN_IDENTITY = "iPhone Developer";
				COPY_PHASE_STRIP = NO;
				DEBUG_INFORMATION_FORMAT = dwarf;
				ENABLE_STRICT_OBJC_MSGSEND = YES;
				ENABLE_TESTABILITY = YES;
				GCC_C_LANGUAGE_STANDARD = gnu11;
				GCC_DYNAMIC_NO_PIC = NO;
				GCC_NO_COMMON_BLOCKS = YES;
				GCC_OPTIMIZATION_LEVEL = 0;
				GCC_PREPROCESSOR_DEFINITIONS = (
					"DEBUG=1",
					"$(inherited)",
				);
				GCC_WARN_64_TO_32_BIT_CONVERSION = YES;
				GCC_WARN_ABOUT_RETURN_TYPE = YES_ERROR;
				GCC_WARN_UNDECLARED_SELECTOR = YES;
				GCC_WARN_UNINITIALIZED_AUTOS = YES_AGGRESSIVE;
				GCC_WARN_UNUSED_FUNCTION = YES;
				GCC_WARN_UNUSED_VARIABLE = YES;
				IPHONEOS_DEPLOYMENT_TARGET = 12.0;
				MTL_ENABLE_DEBUG_INFO = INCLUDE_SOURCE;
				MTL_FAST_MATH = YES;
				ONLY_ACTIVE_ARCH = YES;
				SDKROOT = iphoneos;
				SWIFT_ACTIVE_COMPILATION_CONDITIONS = DEBUG;
				SWIFT_OPTIMIZATION_LEVEL = "-Onone";
			};
			name = Debug;
		};
		87AF2F612175221500D2B861 /* Release */ = {
			isa = XCBuildConfiguration;
			buildSettings = {
				ALWAYS_SEARCH_USER_PATHS = NO;
				CLANG_ANALYZER_NONNULL = YES;
				CLANG_ANALYZER_NUMBER_OBJECT_CONVERSION = YES_AGGRESSIVE;
				CLANG_CXX_LANGUAGE_STANDARD = "gnu++14";
				CLANG_CXX_LIBRARY = "libc++";
				CLANG_ENABLE_MODULES = YES;
				CLANG_ENABLE_OBJC_ARC = YES;
				CLANG_ENABLE_OBJC_WEAK = YES;
				CLANG_WARN_BLOCK_CAPTURE_AUTORELEASING = YES;
				CLANG_WARN_BOOL_CONVERSION = YES;
				CLANG_WARN_COMMA = YES;
				CLANG_WARN_CONSTANT_CONVERSION = YES;
				CLANG_WARN_DEPRECATED_OBJC_IMPLEMENTATIONS = YES;
				CLANG_WARN_DIRECT_OBJC_ISA_USAGE = YES_ERROR;
				CLANG_WARN_DOCUMENTATION_COMMENTS = YES;
				CLANG_WARN_EMPTY_BODY = YES;
				CLANG_WARN_ENUM_CONVERSION = YES;
				CLANG_WARN_INFINITE_RECURSION = YES;
				CLANG_WARN_INT_CONVERSION = YES;
				CLANG_WARN_NON_LITERAL_NULL_CONVERSION = YES;
				CLANG_WARN_OBJC_IMPLICIT_RETAIN_SELF = YES;
				CLANG_WARN_OBJC_LITERAL_CONVERSION = YES;
				CLANG_WARN_OBJC_ROOT_CLASS = YES_ERROR;
				CLANG_WARN_RANGE_LOOP_ANALYSIS = YES;
				CLANG_WARN_STRICT_PROTOTYPES = YES;
				CLANG_WARN_SUSPICIOUS_MOVE = YES;
				CLANG_WARN_UNGUARDED_AVAILABILITY = YES_AGGRESSIVE;
				CLANG_WARN_UNREACHABLE_CODE = YES;
				CLANG_WARN__DUPLICATE_METHOD_MATCH = YES;
				CODE_SIGN_IDENTITY = "iPhone Developer";
				COPY_PHASE_STRIP = NO;
				DEBUG_INFORMATION_FORMAT = "dwarf-with-dsym";
				ENABLE_NS_ASSERTIONS = NO;
				ENABLE_STRICT_OBJC_MSGSEND = YES;
				GCC_C_LANGUAGE_STANDARD = gnu11;
				GCC_NO_COMMON_BLOCKS = YES;
				GCC_WARN_64_TO_32_BIT_CONVERSION = YES;
				GCC_WARN_ABOUT_RETURN_TYPE = YES_ERROR;
				GCC_WARN_UNDECLARED_SELECTOR = YES;
				GCC_WARN_UNINITIALIZED_AUTOS = YES_AGGRESSIVE;
				GCC_WARN_UNUSED_FUNCTION = YES;
				GCC_WARN_UNUSED_VARIABLE = YES;
				IPHONEOS_DEPLOYMENT_TARGET = 12.0;
				MTL_ENABLE_DEBUG_INFO = NO;
				MTL_FAST_MATH = YES;
				SDKROOT = iphoneos;
				SWIFT_COMPILATION_MODE = wholemodule;
				SWIFT_OPTIMIZATION_LEVEL = "-O";
				VALIDATE_PRODUCT = YES;
			};
			name = Release;
		};
		87AF2F632175221500D2B861 /* Debug */ = {
			isa = XCBuildConfiguration;
			buildSettings = {
				ASSETCATALOG_COMPILER_APPICON_NAME = AppIcon;
				CODE_SIGN_STYLE = Automatic;
				DEVELOPMENT_TEAM = LP562MV2A4;
				INFOPLIST_FILE = CollectionViewChallenge/Info.plist;
				LD_RUNPATH_SEARCH_PATHS = (
					"$(inherited)",
					"@executable_path/Frameworks",
				);
				PRODUCT_BUNDLE_IDENTIFIER = SprintModule.CollectionViewChallenge;
				PRODUCT_NAME = "$(TARGET_NAME)";
				SWIFT_VERSION = 4.2;
				TARGETED_DEVICE_FAMILY = "1,2";
			};
			name = Debug;
		};
		87AF2F642175221500D2B861 /* Release */ = {
			isa = XCBuildConfiguration;
			buildSettings = {
				ASSETCATALOG_COMPILER_APPICON_NAME = AppIcon;
				CODE_SIGN_STYLE = Automatic;
				DEVELOPMENT_TEAM = LP562MV2A4;
				INFOPLIST_FILE = CollectionViewChallenge/Info.plist;
				LD_RUNPATH_SEARCH_PATHS = (
					"$(inherited)",
					"@executable_path/Frameworks",
				);
				PRODUCT_BUNDLE_IDENTIFIER = SprintModule.CollectionViewChallenge;
				PRODUCT_NAME = "$(TARGET_NAME)";
				SWIFT_VERSION = 4.2;
				TARGETED_DEVICE_FAMILY = "1,2";
			};
			name = Release;
		};
		87AF2F662175221500D2B861 /* Debug */ = {
			isa = XCBuildConfiguration;
			buildSettings = {
				ALWAYS_EMBED_SWIFT_STANDARD_LIBRARIES = YES;
				BUNDLE_LOADER = "$(TEST_HOST)";
				CODE_SIGN_STYLE = Automatic;
				DEVELOPMENT_TEAM = LP562MV2A4;
				INFOPLIST_FILE = CollectionViewChallengeTests/Info.plist;
				LD_RUNPATH_SEARCH_PATHS = (
					"$(inherited)",
					"@executable_path/Frameworks",
					"@loader_path/Frameworks",
				);
				PRODUCT_BUNDLE_IDENTIFIER = SprintModule.CollectionViewChallengeTests;
				PRODUCT_NAME = "$(TARGET_NAME)";
				SWIFT_VERSION = 4.2;
				TARGETED_DEVICE_FAMILY = "1,2";
				TEST_HOST = "$(BUILT_PRODUCTS_DIR)/CollectionViewChallenge.app/CollectionViewChallenge";
			};
			name = Debug;
		};
		87AF2F672175221500D2B861 /* Release */ = {
			isa = XCBuildConfiguration;
			buildSettings = {
				ALWAYS_EMBED_SWIFT_STANDARD_LIBRARIES = YES;
				BUNDLE_LOADER = "$(TEST_HOST)";
				CODE_SIGN_STYLE = Automatic;
				DEVELOPMENT_TEAM = LP562MV2A4;
				INFOPLIST_FILE = CollectionViewChallengeTests/Info.plist;
				LD_RUNPATH_SEARCH_PATHS = (
					"$(inherited)",
					"@executable_path/Frameworks",
					"@loader_path/Frameworks",
				);
				PRODUCT_BUNDLE_IDENTIFIER = SprintModule.CollectionViewChallengeTests;
				PRODUCT_NAME = "$(TARGET_NAME)";
				SWIFT_VERSION = 4.2;
				TARGETED_DEVICE_FAMILY = "1,2";
				TEST_HOST = "$(BUILT_PRODUCTS_DIR)/CollectionViewChallenge.app/CollectionViewChallenge";
			};
			name = Release;
		};
		87AF2F692175221500D2B861 /* Debug */ = {
			isa = XCBuildConfiguration;
			buildSettings = {
				ALWAYS_EMBED_SWIFT_STANDARD_LIBRARIES = YES;
				CODE_SIGN_STYLE = Automatic;
				DEVELOPMENT_TEAM = LP562MV2A4;
				INFOPLIST_FILE = CollectionViewChallengeUITests/Info.plist;
				LD_RUNPATH_SEARCH_PATHS = (
					"$(inherited)",
					"@executable_path/Frameworks",
					"@loader_path/Frameworks",
				);
				PRODUCT_BUNDLE_IDENTIFIER = SprintModule.CollectionViewChallengeUITests;
				PRODUCT_NAME = "$(TARGET_NAME)";
				SWIFT_VERSION = 4.2;
				TARGETED_DEVICE_FAMILY = "1,2";
				TEST_TARGET_NAME = CollectionViewChallenge;
			};
			name = Debug;
		};
		87AF2F6A2175221500D2B861 /* Release */ = {
			isa = XCBuildConfiguration;
			buildSettings = {
				ALWAYS_EMBED_SWIFT_STANDARD_LIBRARIES = YES;
				CODE_SIGN_STYLE = Automatic;
				DEVELOPMENT_TEAM = LP562MV2A4;
				INFOPLIST_FILE = CollectionViewChallengeUITests/Info.plist;
				LD_RUNPATH_SEARCH_PATHS = (
					"$(inherited)",
					"@executable_path/Frameworks",
					"@loader_path/Frameworks",
				);
				PRODUCT_BUNDLE_IDENTIFIER = SprintModule.CollectionViewChallengeUITests;
				PRODUCT_NAME = "$(TARGET_NAME)";
				SWIFT_VERSION = 4.2;
				TARGETED_DEVICE_FAMILY = "1,2";
				TEST_TARGET_NAME = CollectionViewChallenge;
			};
			name = Release;
		};
/* End XCBuildConfiguration section */

/* Begin XCConfigurationList section */
		87AF2F352175221400D2B861 /* Build configuration list for PBXProject "CollectionViewChallenge" */ = {
			isa = XCConfigurationList;
			buildConfigurations = (
				87AF2F602175221500D2B861 /* Debug */,
				87AF2F612175221500D2B861 /* Release */,
			);
			defaultConfigurationIsVisible = 0;
			defaultConfigurationName = Release;
		};
		87AF2F622175221500D2B861 /* Build configuration list for PBXNativeTarget "CollectionViewChallenge" */ = {
			isa = XCConfigurationList;
			buildConfigurations = (
				87AF2F632175221500D2B861 /* Debug */,
				87AF2F642175221500D2B861 /* Release */,
			);
			defaultConfigurationIsVisible = 0;
			defaultConfigurationName = Release;
		};
		87AF2F652175221500D2B861 /* Build configuration list for PBXNativeTarget "CollectionViewChallengeTests" */ = {
			isa = XCConfigurationList;
			buildConfigurations = (
				87AF2F662175221500D2B861 /* Debug */,
				87AF2F672175221500D2B861 /* Release */,
			);
			defaultConfigurationIsVisible = 0;
			defaultConfigurationName = Release;
		};
		87AF2F682175221500D2B861 /* Build configuration list for PBXNativeTarget "CollectionViewChallengeUITests" */ = {
			isa = XCConfigurationList;
			buildConfigurations = (
				87AF2F692175221500D2B861 /* Debug */,
				87AF2F6A2175221500D2B861 /* Release */,
			);
			defaultConfigurationIsVisible = 0;
			defaultConfigurationName = Release;
		};
/* End XCConfigurationList section */
	};
	rootObject = 87AF2F322175221400D2B861 /* Project object */;
}
