// !$*UTF8*$!
{
	archiveVersion = 1;
	classes = {
	};
	objectVersion = 50;
	objects = {

/* Begin PBXBuildFile section */
		F30B768721AF37CA00E33634 /* AppDelegate.swift in Sources */ = {isa = PBXBuildFile; fileRef = F30B768621AF37CA00E33634 /* AppDelegate.swift */; };
		F30B768C21AF37CA00E33634 /* Main.storyboard in Resources */ = {isa = PBXBuildFile; fileRef = F30B768A21AF37CA00E33634 /* Main.storyboard */; };
		F30B768E21AF37CA00E33634 /* Assets.xcassets in Resources */ = {isa = PBXBuildFile; fileRef = F30B768D21AF37CA00E33634 /* Assets.xcassets */; };
		F30B769121AF37CA00E33634 /* LaunchScreen.storyboard in Resources */ = {isa = PBXBuildFile; fileRef = F30B768F21AF37CA00E33634 /* LaunchScreen.storyboard */; };
		F30B769921AF3BF000E33634 /* CollectionViewController.swift in Sources */ = {isa = PBXBuildFile; fileRef = F30B769821AF3BF000E33634 /* CollectionViewController.swift */; };
		F30B769B21AF3C4000E33634 /* CollectionViewCell.swift in Sources */ = {isa = PBXBuildFile; fileRef = F30B769A21AF3C4000E33634 /* CollectionViewCell.swift */; };
		F30B769D21AF3D7000E33634 /* CollectionViewCell.xib in Resources */ = {isa = PBXBuildFile; fileRef = F30B769C21AF3D7000E33634 /* CollectionViewCell.xib */; };
/* End PBXBuildFile section */

/* Begin PBXFileReference section */
		F30B768321AF37CA00E33634 /* Collection Project.app */ = {isa = PBXFileReference; explicitFileType = wrapper.application; includeInIndex = 0; path = "Collection Project.app"; sourceTree = BUILT_PRODUCTS_DIR; };
		F30B768621AF37CA00E33634 /* AppDelegate.swift */ = {isa = PBXFileReference; lastKnownFileType = sourcecode.swift; path = AppDelegate.swift; sourceTree = "<group>"; };
		F30B768B21AF37CA00E33634 /* Base */ = {isa = PBXFileReference; lastKnownFileType = file.storyboard; name = Base; path = Base.lproj/Main.storyboard; sourceTree = "<group>"; };
		F30B768D21AF37CA00E33634 /* Assets.xcassets */ = {isa = PBXFileReference; lastKnownFileType = folder.assetcatalog; path = Assets.xcassets; sourceTree = "<group>"; };
		F30B769021AF37CA00E33634 /* Base */ = {isa = PBXFileReference; lastKnownFileType = file.storyboard; name = Base; path = Base.lproj/LaunchScreen.storyboard; sourceTree = "<group>"; };
		F30B769221AF37CA00E33634 /* Info.plist */ = {isa = PBXFileReference; lastKnownFileType = text.plist.xml; path = Info.plist; sourceTree = "<group>"; };
		F30B769821AF3BF000E33634 /* CollectionViewController.swift */ = {isa = PBXFileReference; lastKnownFileType = sourcecode.swift; path = CollectionViewController.swift; sourceTree = "<group>"; };
		F30B769A21AF3C4000E33634 /* CollectionViewCell.swift */ = {isa = PBXFileReference; lastKnownFileType = sourcecode.swift; path = CollectionViewCell.swift; sourceTree = "<group>"; };
		F30B769C21AF3D7000E33634 /* CollectionViewCell.xib */ = {isa = PBXFileReference; lastKnownFileType = file.xib; path = CollectionViewCell.xib; sourceTree = "<group>"; };
/* End PBXFileReference section */

/* Begin PBXFrameworksBuildPhase section */
		F30B768021AF37CA00E33634 /* Frameworks */ = {
			isa = PBXFrameworksBuildPhase;
			buildActionMask = 2147483647;
			files = (
			);
			runOnlyForDeploymentPostprocessing = 0;
		};
/* End PBXFrameworksBuildPhase section */

/* Begin PBXGroup section */
		F30B767A21AF37CA00E33634 = {
			isa = PBXGroup;
			children = (
				F30B768521AF37CA00E33634 /* Collection Project */,
				F30B768421AF37CA00E33634 /* Products */,
			);
			sourceTree = "<group>";
		};
		F30B768421AF37CA00E33634 /* Products */ = {
			isa = PBXGroup;
			children = (
				F30B768321AF37CA00E33634 /* Collection Project.app */,
			);
			name = Products;
			sourceTree = "<group>";
		};
		F30B768521AF37CA00E33634 /* Collection Project */ = {
			isa = PBXGroup;
			children = (
				F30B768621AF37CA00E33634 /* AppDelegate.swift */,
				F30B769821AF3BF000E33634 /* CollectionViewController.swift */,
				F30B769A21AF3C4000E33634 /* CollectionViewCell.swift */,
				F30B769C21AF3D7000E33634 /* CollectionViewCell.xib */,
				F30B768A21AF37CA00E33634 /* Main.storyboard */,
				F30B768D21AF37CA00E33634 /* Assets.xcassets */,
				F30B768F21AF37CA00E33634 /* LaunchScreen.storyboard */,
				F30B769221AF37CA00E33634 /* Info.plist */,
			);
			path = "Collection Project";
			sourceTree = "<group>";
		};
/* End PBXGroup section */

/* Begin PBXNativeTarget section */
		F30B768221AF37CA00E33634 /* Collection Project */ = {
			isa = PBXNativeTarget;
			buildConfigurationList = F30B769521AF37CA00E33634 /* Build configuration list for PBXNativeTarget "Collection Project" */;
			buildPhases = (
				F30B767F21AF37CA00E33634 /* Sources */,
				F30B768021AF37CA00E33634 /* Frameworks */,
				F30B768121AF37CA00E33634 /* Resources */,
			);
			buildRules = (
			);
			dependencies = (
			);
			name = "Collection Project";
			productName = "Collection Project";
			productReference = F30B768321AF37CA00E33634 /* Collection Project.app */;
			productType = "com.apple.product-type.application";
		};
/* End PBXNativeTarget section */

/* Begin PBXProject section */
		F30B767B21AF37CA00E33634 /* Project object */ = {
			isa = PBXProject;
			attributes = {
				LastSwiftUpdateCheck = 1010;
				LastUpgradeCheck = 1010;
				ORGANIZATIONNAME = "Meera Andersen";
				TargetAttributes = {
					F30B768221AF37CA00E33634 = {
						CreatedOnToolsVersion = 10.1;
					};
				};
			};
			buildConfigurationList = F30B767E21AF37CA00E33634 /* Build configuration list for PBXProject "Collection Project" */;
			compatibilityVersion = "Xcode 9.3";
			developmentRegion = en;
			hasScannedForEncodings = 0;
			knownRegions = (
				en,
				Base,
			);
			mainGroup = F30B767A21AF37CA00E33634;
			productRefGroup = F30B768421AF37CA00E33634 /* Products */;
			projectDirPath = "";
			projectRoot = "";
			targets = (
				F30B768221AF37CA00E33634 /* Collection Project */,
			);
		};
/* End PBXProject section */

/* Begin PBXResourcesBuildPhase section */
		F30B768121AF37CA00E33634 /* Resources */ = {
			isa = PBXResourcesBuildPhase;
			buildActionMask = 2147483647;
			files = (
				F30B769121AF37CA00E33634 /* LaunchScreen.storyboard in Resources */,
				F30B768E21AF37CA00E33634 /* Assets.xcassets in Resources */,
				F30B769D21AF3D7000E33634 /* CollectionViewCell.xib in Resources */,
				F30B768C21AF37CA00E33634 /* Main.storyboard in Resources */,
			);
			runOnlyForDeploymentPostprocessing = 0;
		};
/* End PBXResourcesBuildPhase section */

/* Begin PBXSourcesBuildPhase section */
		F30B767F21AF37CA00E33634 /* Sources */ = {
			isa = PBXSourcesBuildPhase;
			buildActionMask = 2147483647;
			files = (
				F30B769921AF3BF000E33634 /* CollectionViewController.swift in Sources */,
				F30B769B21AF3C4000E33634 /* CollectionViewCell.swift in Sources */,
				F30B768721AF37CA00E33634 /* AppDelegate.swift in Sources */,
			);
			runOnlyForDeploymentPostprocessing = 0;
		};
/* End PBXSourcesBuildPhase section */

/* Begin PBXVariantGroup section */
		F30B768A21AF37CA00E33634 /* Main.storyboard */ = {
			isa = PBXVariantGroup;
			children = (
				F30B768B21AF37CA00E33634 /* Base */,
			);
			name = Main.storyboard;
			sourceTree = "<group>";
		};
		F30B768F21AF37CA00E33634 /* LaunchScreen.storyboard */ = {
			isa = PBXVariantGroup;
			children = (
				F30B769021AF37CA00E33634 /* Base */,
			);
			name = LaunchScreen.storyboard;
			sourceTree = "<group>";
		};
/* End PBXVariantGroup section */

/* Begin XCBuildConfiguration section */
		F30B769321AF37CA00E33634 /* Debug */ = {
			isa = XCBuildConfiguration;
			buildSettings = {
				ALWAYS_SEARCH_USER_PATHS = NO;
				CLANG_ANALYZER_NONNULL = YES;
				CLANG_ANALYZER_NUMBER_OBJECT_CONVERSION = YES_AGGRESSIVE;
				CLANG_CXX_LANGUAGE_STANDARD = "gnu++14";
				CLANG_CXX_LIBRARY = "libc++";
				CLANG_ENABLE_MODULES = YES;
				CLANG_ENABLE_OBJC_ARC = YES;
				CLANG_ENABLE_OBJC_WEAK = YES;
				CLANG_WARN_BLOCK_CAPTURE_AUTORELEASING = YES;
				CLANG_WARN_BOOL_CONVERSION = YES;
				CLANG_WARN_COMMA = YES;
				CLANG_WARN_CONSTANT_CONVERSION = YES;
				CLANG_WARN_DEPRECATED_OBJC_IMPLEMENTATIONS = YES;
				CLANG_WARN_DIRECT_OBJC_ISA_USAGE = YES_ERROR;
				CLANG_WARN_DOCUMENTATION_COMMENTS = YES;
				CLANG_WARN_EMPTY_BODY = YES;
				CLANG_WARN_ENUM_CONVERSION = YES;
				CLANG_WARN_INFINITE_RECURSION = YES;
				CLANG_WARN_INT_CONVERSION = YES;
				CLANG_WARN_NON_LITERAL_NULL_CONVERSION = YES;
				CLANG_WARN_OBJC_IMPLICIT_RETAIN_SELF = YES;
				CLANG_WARN_OBJC_LITERAL_CONVERSION = YES;
				CLANG_WARN_OBJC_ROOT_CLASS = YES_ERROR;
				CLANG_WARN_RANGE_LOOP_ANALYSIS = YES;
				CLANG_WARN_STRICT_PROTOTYPES = YES;
				CLANG_WARN_SUSPICIOUS_MOVE = YES;
				CLANG_WARN_UNGUARDED_AVAILABILITY = YES_AGGRESSIVE;
				CLANG_WARN_UNREACHABLE_CODE = YES;
				CLANG_WARN__DUPLICATE_METHOD_MATCH = YES;
				CODE_SIGN_IDENTITY = "iPhone Developer";
				COPY_PHASE_STRIP = NO;
				DEBUG_INFORMATION_FORMAT = dwarf;
				ENABLE_STRICT_OBJC_MSGSEND = YES;
				ENABLE_TESTABILITY = YES;
				GCC_C_LANGUAGE_STANDARD = gnu11;
				GCC_DYNAMIC_NO_PIC = NO;
				GCC_NO_COMMON_BLOCKS = YES;
				GCC_OPTIMIZATION_LEVEL = 0;
				GCC_PREPROCESSOR_DEFINITIONS = (
					"DEBUG=1",
					"$(inherited)",
				);
				GCC_WARN_64_TO_32_BIT_CONVERSION = YES;
				GCC_WARN_ABOUT_RETURN_TYPE = YES_ERROR;
				GCC_WARN_UNDECLARED_SELECTOR = YES;
				GCC_WARN_UNINITIALIZED_AUTOS = YES_AGGRESSIVE;
				GCC_WARN_UNUSED_FUNCTION = YES;
				GCC_WARN_UNUSED_VARIABLE = YES;
				IPHONEOS_DEPLOYMENT_TARGET = 12.1;
				MTL_ENABLE_DEBUG_INFO = INCLUDE_SOURCE;
				MTL_FAST_MATH = YES;
				ONLY_ACTIVE_ARCH = YES;
				SDKROOT = iphoneos;
				SWIFT_ACTIVE_COMPILATION_CONDITIONS = DEBUG;
				SWIFT_OPTIMIZATION_LEVEL = "-Onone";
			};
			name = Debug;
		};
		F30B769421AF37CA00E33634 /* Release */ = {
			isa = XCBuildConfiguration;
			buildSettings = {
				ALWAYS_SEARCH_USER_PATHS = NO;
				CLANG_ANALYZER_NONNULL = YES;
				CLANG_ANALYZER_NUMBER_OBJECT_CONVERSION = YES_AGGRESSIVE;
				CLANG_CXX_LANGUAGE_STANDARD = "gnu++14";
				CLANG_CXX_LIBRARY = "libc++";
				CLANG_ENABLE_MODULES = YES;
				CLANG_ENABLE_OBJC_ARC = YES;
				CLANG_ENABLE_OBJC_WEAK = YES;
				CLANG_WARN_BLOCK_CAPTURE_AUTORELEASING = YES;
				CLANG_WARN_BOOL_CONVERSION = YES;
				CLANG_WARN_COMMA = YES;
				CLANG_WARN_CONSTANT_CONVERSION = YES;
				CLANG_WARN_DEPRECATED_OBJC_IMPLEMENTATIONS = YES;
				CLANG_WARN_DIRECT_OBJC_ISA_USAGE = YES_ERROR;
				CLANG_WARN_DOCUMENTATION_COMMENTS = YES;
				CLANG_WARN_EMPTY_BODY = YES;
				CLANG_WARN_ENUM_CONVERSION = YES;
				CLANG_WARN_INFINITE_RECURSION = YES;
				CLANG_WARN_INT_CONVERSION = YES;
				CLANG_WARN_NON_LITERAL_NULL_CONVERSION = YES;
				CLANG_WARN_OBJC_IMPLICIT_RETAIN_SELF = YES;
				CLANG_WARN_OBJC_LITERAL_CONVERSION = YES;
				CLANG_WARN_OBJC_ROOT_CLASS = YES_ERROR;
				CLANG_WARN_RANGE_LOOP_ANALYSIS = YES;
				CLANG_WARN_STRICT_PROTOTYPES = YES;
				CLANG_WARN_SUSPICIOUS_MOVE = YES;
				CLANG_WARN_UNGUARDED_AVAILABILITY = YES_AGGRESSIVE;
				CLANG_WARN_UNREACHABLE_CODE = YES;
				CLANG_WARN__DUPLICATE_METHOD_MATCH = YES;
				CODE_SIGN_IDENTITY = "iPhone Developer";
				COPY_PHASE_STRIP = NO;
				DEBUG_INFORMATION_FORMAT = "dwarf-with-dsym";
				ENABLE_NS_ASSERTIONS = NO;
				ENABLE_STRICT_OBJC_MSGSEND = YES;
				GCC_C_LANGUAGE_STANDARD = gnu11;
				GCC_NO_COMMON_BLOCKS = YES;
				GCC_WARN_64_TO_32_BIT_CONVERSION = YES;
				GCC_WARN_ABOUT_RETURN_TYPE = YES_ERROR;
				GCC_WARN_UNDECLARED_SELECTOR = YES;
				GCC_WARN_UNINITIALIZED_AUTOS = YES_AGGRESSIVE;
				GCC_WARN_UNUSED_FUNCTION = YES;
				GCC_WARN_UNUSED_VARIABLE = YES;
				IPHONEOS_DEPLOYMENT_TARGET = 12.1;
				MTL_ENABLE_DEBUG_INFO = NO;
				MTL_FAST_MATH = YES;
				SDKROOT = iphoneos;
				SWIFT_COMPILATION_MODE = wholemodule;
				SWIFT_OPTIMIZATION_LEVEL = "-O";
				VALIDATE_PRODUCT = YES;
			};
			name = Release;
		};
		F30B769621AF37CA00E33634 /* Debug */ = {
			isa = XCBuildConfiguration;
			buildSettings = {
				ASSETCATALOG_COMPILER_APPICON_NAME = AppIcon;
				CODE_SIGN_STYLE = Automatic;
				INFOPLIST_FILE = "Collection Project/Info.plist";
				LD_RUNPATH_SEARCH_PATHS = (
					"$(inherited)",
					"@executable_path/Frameworks",
				);
				PRODUCT_BUNDLE_IDENTIFIER = "com.meeraandersen.Collection-Project";
				PRODUCT_NAME = "$(TARGET_NAME)";
				SWIFT_VERSION = 4.2;
				TARGETED_DEVICE_FAMILY = "1,2";
			};
			name = Debug;
		};
		F30B769721AF37CA00E33634 /* Release */ = {
			isa = XCBuildConfiguration;
			buildSettings = {
				ASSETCATALOG_COMPILER_APPICON_NAME = AppIcon;
				CODE_SIGN_STYLE = Automatic;
				INFOPLIST_FILE = "Collection Project/Info.plist";
				LD_RUNPATH_SEARCH_PATHS = (
					"$(inherited)",
					"@executable_path/Frameworks",
				);
				PRODUCT_BUNDLE_IDENTIFIER = "com.meeraandersen.Collection-Project";
				PRODUCT_NAME = "$(TARGET_NAME)";
				SWIFT_VERSION = 4.2;
				TARGETED_DEVICE_FAMILY = "1,2";
			};
			name = Release;
		};
/* End XCBuildConfiguration section */

/* Begin XCConfigurationList section */
		F30B767E21AF37CA00E33634 /* Build configuration list for PBXProject "Collection Project" */ = {
			isa = XCConfigurationList;
			buildConfigurations = (
				F30B769321AF37CA00E33634 /* Debug */,
				F30B769421AF37CA00E33634 /* Release */,
			);
			defaultConfigurationIsVisible = 0;
			defaultConfigurationName = Release;
		};
		F30B769521AF37CA00E33634 /* Build configuration list for PBXNativeTarget "Collection Project" */ = {
			isa = XCConfigurationList;
			buildConfigurations = (
				F30B769621AF37CA00E33634 /* Debug */,
				F30B769721AF37CA00E33634 /* Release */,
			);
			defaultConfigurationIsVisible = 0;
			defaultConfigurationName = Release;
		};
/* End XCConfigurationList section */
	};
	rootObject = F30B767B21AF37CA00E33634 /* Project object */;
}
